{
  "name": "@webxdc/types",
  "version": "2.1.2",
  "lockfileVersion": 3,
  "requires": true,
  "packages": {
    "": {
      "name": "@webxdc/types",
      "version": "2.1.2",
      "license": "unlicense",
      "devDependencies": {
        "@tsconfig/recommended": "latest",
        "prettier": "latest",
        "typescript": "latest",
        "version-changelog": "latest"
      }
    },
    "node_modules/@tsconfig/recommended": {
      "version": "1.0.8",
      "resolved": "https://registry.npmjs.org/@tsconfig/recommended/-/recommended-1.0.8.tgz",
      "integrity": "sha512-TotjFaaXveVUdsrXCdalyF6E5RyG6+7hHHQVZonQtdlk1rJZ1myDIvPUUKPhoYv+JAzThb2lQJh9+9ZfF46hsA==",
      "dev": true
    },
    "node_modules/bitbucket-url-from-git": {
      "version": "1.0.2",
      "resolved": "https://registry.npmjs.org/bitbucket-url-from-git/-/bitbucket-url-from-git-1.0.2.tgz",
      "integrity": "sha512-BbFzr5mqFe1fdGLz+phZSPEaWoBgLeqWnQ7uB0jPl6Ytcj4/c2E9witwa/P91DCgGiTfLBahn56VCOfjQFuSXQ==",
      "dev": true
    },
    "node_modules/cross-spawn": {
      "version": "4.0.2",
      "resolved": "https://registry.npmjs.org/cross-spawn/-/cross-spawn-4.0.2.tgz",
      "integrity": "sha512-yAXz/pA1tD8Gtg2S98Ekf/sewp3Lcp3YoFKJ4Hkp5h5yLWnKVTDU0kwjKJ8NDCYcfTLfyGkzTikst+jWypT1iA==",
      "dev": true,
      "dependencies": {
        "lru-cache": "^4.0.1",
        "which": "^1.2.9"
      }
    },
    "node_modules/github-url-from-git": {
      "version": "1.5.0",
      "resolved": "https://registry.npmjs.org/github-url-from-git/-/github-url-from-git-1.5.0.tgz",
      "integrity": "sha512-WWOec4aRI7YAykQ9+BHmzjyNlkfJFG8QLXnDTsLz/kZefq7qkzdfo4p6fkYYMIq1aj+gZcQs/1HQhQh3DPPxlQ==",
      "dev": true
    },
    "node_modules/giturl": {
      "version": "1.0.3",
      "resolved": "https://registry.npmjs.org/giturl/-/giturl-1.0.3.tgz",
      "integrity": "sha512-qVDEXufVtYUzYqI5hoDUONh9GCEPi0n+e35KNDafdsNt9fPxB0nvFW/kFiw7W42wkg8TUyhBqb+t24yyaoc87A==",
      "dev": true,
      "engines": {
        "node": ">= 0.10.0"
      }
    },
    "node_modules/has-yarn": {
      "version": "1.0.0",
      "resolved": "https://registry.npmjs.org/has-yarn/-/has-yarn-1.0.0.tgz",
      "integrity": "sha512-UAI4b48aqrdez88CwMfC9s+gcJ25O1qg0/hS5eKOsIF5tOw2EYcgGsryYF6TEI5G8SeCYzFBt5Z04D/BDABYSQ==",
      "dev": true,
      "engines": {
        "node": ">=4"
      }
    },
    "node_modules/isexe": {
      "version": "2.0.0",
      "resolved": "https://registry.npmjs.org/isexe/-/isexe-2.0.0.tgz",
      "integrity": "sha512-RHxMLp9lnKHGHRng9QFhRCMbYAcVpn69smSGcq3f36xjgVVWThj4qqLbTLlq7Ssj8B+fIQ1EuCEGI2lKsyQeIw==",
      "dev": true
    },
    "node_modules/lru-cache": {
      "version": "4.1.5",
      "resolved": "https://registry.npmjs.org/lru-cache/-/lru-cache-4.1.5.tgz",
      "integrity": "sha512-sWZlbEP2OsHNkXrMl5GYk/jKk70MBng6UU4YI/qGDYbgf6YbP4EvmqISbXCoJiRKs+1bSpFHVgQxvJ17F2li5g==",
      "dev": true,
      "dependencies": {
        "pseudomap": "^1.0.2",
        "yallist": "^2.1.2"
      }
    },
    "node_modules/minimist": {
      "version": "1.2.8",
      "resolved": "https://registry.npmjs.org/minimist/-/minimist-1.2.8.tgz",
      "integrity": "sha512-2yyAR8qBkN3YuheJanUpWC5U3bb5osDywNB8RzDVlDwDHbocAJveqqj1u8+SVD7jkWT4yvsHCpWqqWqAxb0zCA==",
      "dev": true,
      "funding": {
        "url": "https://github.com/sponsors/ljharb"
      }
    },
    "node_modules/prettier": {
      "version": "3.4.1",
      "resolved": "https://registry.npmjs.org/prettier/-/prettier-3.4.1.tgz",
      "integrity": "sha512-G+YdqtITVZmOJje6QkXQWzl3fSfMxFwm1tjTyo9exhkmWSqC4Yhd1+lug++IlR2mvRVAxEDDWYkQdeSztajqgg==",
      "dev": true,
      "bin": {
        "prettier": "bin/prettier.cjs"
      },
      "engines": {
        "node": ">=14"
      },
      "funding": {
        "url": "https://github.com/prettier/prettier?sponsor=1"
      }
    },
    "node_modules/pseudomap": {
      "version": "1.0.2",
      "resolved": "https://registry.npmjs.org/pseudomap/-/pseudomap-1.0.2.tgz",
      "integrity": "sha512-b/YwNhb8lk1Zz2+bXXpS/LK9OisiZZ1SNsSLxN1x2OXVEhW2Ckr/7mWE5vrC1ZTiJlD9g19jWszTmJsB+oEpFQ==",
      "dev": true
    },
    "node_modules/typescript": {
      "version": "5.7.2",
      "resolved": "https://registry.npmjs.org/typescript/-/typescript-5.7.2.tgz",
      "integrity": "sha512-i5t66RHxDvVN40HfDd1PsEThGNnlMCMT3jMUuoh9/0TaqWevNontacunWyN02LA9/fIbEWlcHZcgTKb9QoaLfg==",
      "dev": true,
      "bin": {
        "tsc": "bin/tsc",
        "tsserver": "bin/tsserver"
      },
      "engines": {
        "node": ">=14.17"
      }
    },
    "node_modules/upath": {
      "version": "1.2.0",
      "resolved": "https://registry.npmjs.org/upath/-/upath-1.2.0.tgz",
      "integrity": "sha512-aZwGpamFO61g3OlfT7OQCHqhGnW43ieH9WZeP7QxN/G/jS4jfqUkZxoryvJgVPEcrl5NL/ggHsSmLMHuH64Lhg==",
      "dev": true,
      "engines": {
        "node": ">=4",
        "yarn": "*"
      }
    },
    "node_modules/version-changelog": {
      "version": "3.1.1",
      "resolved": "https://registry.npmjs.org/version-changelog/-/version-changelog-3.1.1.tgz",
      "integrity": "sha512-ONKT+V0SUsnkxSOc14olG9p/2lheUYMXnEy1w2U79ytxXo5GhCzwnkFDV/zlQpZ2Cl9Ynin60MrS/AccZrEMpQ==",
      "dev": true,
      "dependencies": {
        "bitbucket-url-from-git": "^1.0.0",
        "cross-spawn": "^4.0.2",
        "github-url-from-git": "^1.4.0",
        "giturl": "^1.0.0",
        "has-yarn": "^1.0.0",
        "minimist": "^1.2.0",
        "upath": "^1.1.0"
      },
      "bin": {
        "version-changelog": "cli.js"
      }
    },
    "node_modules/which": {
      "version": "1.3.1",
      "resolved": "https://registry.npmjs.org/which/-/which-1.3.1.tgz",
      "integrity": "sha512-HxJdYWq1MTIQbJ3nw0cqssHoTNU267KlrDuGZ1WYlxDStUtKUhOaJmh112/TZmHxxUfuJqPXSOm7tDyas0OSIQ==",
      "dev": true,
      "dependencies": {
        "isexe": "^2.0.0"
      },
      "bin": {
        "which": "bin/which"
      }
    },
    "node_modules/yallist": {
      "version": "2.1.2",
      "resolved": "https://registry.npmjs.org/yallist/-/yallist-2.1.2.tgz",
      "integrity": "sha512-ncTzHV7NvsQZkYe1DW7cbDLm0YpzHmZF5r/iyP3ZnQtMiJ+pjzisCiMNI+Sj+xQF5pXhSHxSB3uDbsBTzY/c2A==",
      "dev": true
    }
  }
}
