lockfileVersion: '9.0'

settings:
  autoInstallPeers: true
  excludeLinksFromLockfile: false

importers:

  .:
    devDependencies:
      '@tsconfig/recommended':
        specifier: latest
        version: 1.0.8
      prettier:
        specifier: latest
        version: 3.4.1
      typescript:
        specifier: latest
        version: 5.7.2
      version-changelog:
        specifier: latest
        version: 3.1.1

packages:

  '@tsconfig/recommended@1.0.8':
    resolution: {integrity: sha512-TotjFaaXveVUdsrXCdalyF6E5RyG6+7hHHQVZonQtdlk1rJZ1myDIvPUUKPhoYv+JAzThb2lQJh9+9ZfF46hsA==}

  bitbucket-url-from-git@1.0.2:
    resolution: {integrity: sha512-BbFzr5mqFe1fdGLz+phZSPEaWoBgLeqWnQ7uB0jPl6Ytcj4/c2E9witwa/P91DCgGiTfLBahn56VCOfjQFuSXQ==}

  cross-spawn@4.0.2:
    resolution: {integrity: sha512-yAXz/pA1tD8Gtg2S98Ekf/sewp3Lcp3YoFKJ4Hkp5h5yLWnKVTDU0kwjKJ8NDCYcfTLfyGkzTikst+jWypT1iA==}

  github-url-from-git@1.5.0:
    resolution: {integrity: sha512-WWOec4aRI7YAykQ9+BHmzjyNlkfJFG8QLXnDTsLz/kZefq7qkzdfo4p6fkYYMIq1aj+gZcQs/1HQhQh3DPPxlQ==}

  giturl@1.0.3:
    resolution: {integrity: sha512-qVDEXufVtYUzYqI5hoDUONh9GCEPi0n+e35KNDafdsNt9fPxB0nvFW/kFiw7W42wkg8TUyhBqb+t24yyaoc87A==}
    engines: {node: '>= 0.10.0'}

  has-yarn@1.0.0:
    resolution: {integrity: sha512-UAI4b48aqrdez88CwMfC9s+gcJ25O1qg0/hS5eKOsIF5tOw2EYcgGsryYF6TEI5G8SeCYzFBt5Z04D/BDABYSQ==}
    engines: {node: '>=4'}

  isexe@2.0.0:
    resolution: {integrity: sha512-RHxMLp9lnKHGHRng9QFhRCMbYAcVpn69smSGcq3f36xjgVVWThj4qqLbTLlq7Ssj8B+fIQ1EuCEGI2lKsyQeIw==}

  lru-cache@4.1.5:
    resolution: {integrity: sha512-sWZlbEP2OsHNkXrMl5GYk/jKk70MBng6UU4YI/qGDYbgf6YbP4EvmqISbXCoJiRKs+1bSpFHVgQxvJ17F2li5g==}

  minimist@1.2.8:
    resolution: {integrity: sha512-2yyAR8qBkN3YuheJanUpWC5U3bb5osDywNB8RzDVlDwDHbocAJveqqj1u8+SVD7jkWT4yvsHCpWqqWqAxb0zCA==}

  prettier@3.4.1:
    resolution: {integrity: sha512-G+YdqtITVZmOJje6QkXQWzl3fSfMxFwm1tjTyo9exhkmWSqC4Yhd1+lug++IlR2mvRVAxEDDWYkQdeSztajqgg==}
    engines: {node: '>=14'}
    hasBin: true

  pseudomap@1.0.2:
    resolution: {integrity: sha512-b/YwNhb8lk1Zz2+bXXpS/LK9OisiZZ1SNsSLxN1x2OXVEhW2Ckr/7mWE5vrC1ZTiJlD9g19jWszTmJsB+oEpFQ==}

  typescript@5.7.2:
    resolution: {integrity: sha512-i5t66RHxDvVN40HfDd1PsEThGNnlMCMT3jMUuoh9/0TaqWevNontacunWyN02LA9/fIbEWlcHZcgTKb9QoaLfg==}
    engines: {node: '>=14.17'}
    hasBin: true

  upath@1.2.0:
    resolution: {integrity: sha512-aZwGpamFO61g3OlfT7OQCHqhGnW43ieH9WZeP7QxN/G/jS4jfqUkZxoryvJgVPEcrl5NL/ggHsSmLMHuH64Lhg==}
    engines: {node: '>=4'}

  version-changelog@3.1.1:
    resolution: {integrity: sha512-ONKT+V0SUsnkxSOc14olG9p/2lheUYMXnEy1w2U79ytxXo5GhCzwnkFDV/zlQpZ2Cl9Ynin60MrS/AccZrEMpQ==}
    hasBin: true

  which@1.3.1:
    resolution: {integrity: sha512-HxJdYWq1MTIQbJ3nw0cqssHoTNU267KlrDuGZ1WYlxDStUtKUhOaJmh112/TZmHxxUfuJqPXSOm7tDyas0OSIQ==}
    hasBin: true

  yallist@2.1.2:
    resolution: {integrity: sha512-ncTzHV7NvsQZkYe1DW7cbDLm0YpzHmZF5r/iyP3ZnQtMiJ+pjzisCiMNI+Sj+xQF5pXhSHxSB3uDbsBTzY/c2A==}

snapshots:

  '@tsconfig/recommended@1.0.8': {}

  bitbucket-url-from-git@1.0.2: {}

  cross-spawn@4.0.2:
    dependencies:
      lru-cache: 4.1.5
      which: 1.3.1

  github-url-from-git@1.5.0: {}

  giturl@1.0.3: {}

  has-yarn@1.0.0: {}

  isexe@2.0.0: {}

  lru-cache@4.1.5:
    dependencies:
      pseudomap: 1.0.2
      yallist: 2.1.2

  minimist@1.2.8: {}

  prettier@3.4.1: {}

  pseudomap@1.0.2: {}

  typescript@5.7.2: {}

  upath@1.2.0: {}

  version-changelog@3.1.1:
    dependencies:
      bitbucket-url-from-git: 1.0.2
      cross-spawn: 4.0.2
      github-url-from-git: 1.5.0
      giturl: 1.0.3
      has-yarn: 1.0.0
      minimist: 1.2.8
      upath: 1.2.0

  which@1.3.1:
    dependencies:
      isexe: 2.0.0

  yallist@2.1.2: {}
